
Microsoft Visual Studio Solution File, Format Version 12.00
# Visual Studio Version 16
VisualStudioVersion = 16.0.28803.452
MinimumVisualStudioVersion = 10.0.40219.1
Project("{8BC9CEB8-8B4A-11D0-8D11-00A0C91BC942}") = "sub", "sub\sub.vcxproj", "{A0C5B581-B704-42CF-80C8-DF76155CA462}"
EndProject
Project("{8BC9CEB8-8B4A-11D0-8D11-00A0C91BC942}") = "Cal", "Cal\Cal.vcxproj", "{3204C52A-9DC9-409C-8E3E-FEDFD9017140}"
EndProject
Global
	GlobalSection(SolutionConfigurationPlatforms) = preSolution
		Debug|x64 = Debug|x64
		Debug|x86 = Debug|x86
		Release|x64 = Release|x64
		Release|x86 = Release|x86
	EndGlobalSection
	GlobalSection(ProjectConfigurationPlatforms) = postSolution
		{A0C5B581-B704-42CF-80C8-DF76155CA462}.Debug|x64.ActiveCfg = Debug|x64
		{A0C5B581-B704-42CF-80C8-DF76155CA462}.Debug|x64.Build.0 = Debug|x64
		{A0C5B581-B704-42CF-80C8-DF76155CA462}.Debug|x86.ActiveCfg = Debug|Win32
		{A0C5B581-B704-42CF-80C8-DF76155CA462}.Debug|x86.Build.0 = Debug|Win32
		{A0C5B581-B704-42CF-80C8-DF76155CA462}.Release|x64.ActiveCfg = Release|x64
		{A0C5B581-B704-42CF-80C8-DF76155CA462}.Release|x64.Build.0 = Release|x64
		{A0C5B581-B704-42CF-80C8-DF76155CA462}.Release|x86.ActiveCfg = Release|Win32
		{A0C5B581-B704-42CF-80C8-DF76155CA462}.Release|x86.Build.0 = Release|Win32
		{3204C52A-9DC9-409C-8E3E-FEDFD9017140}.Debug|x64.ActiveCfg = Debug|x64
		{3204C52A-9DC9-409C-8E3E-FEDFD9017140}.Debug|x64.Build.0 = Debug|x64
		{3204C52A-9DC9-409C-8E3E-FEDFD9017140}.Debug|x86.ActiveCfg = Debug|Win32
		{3204C52A-9DC9-409C-8E3E-FEDFD9017140}.Debug|x86.Build.0 = Debug|Win32
		{3204C52A-9DC9-409C-8E3E-FEDFD9017140}.Release|x64.ActiveCfg = Release|x64
		{3204C52A-9DC9-409C-8E3E-FEDFD9017140}.Release|x64.Build.0 = Release|x64
		{3204C52A-9DC9-409C-8E3E-FEDFD9017140}.Release|x86.ActiveCfg = Release|Win32
		{3204C52A-9DC9-409C-8E3E-FEDFD9017140}.Release|x86.Build.0 = Release|Win32
	EndGlobalSection
	GlobalSection(SolutionProperties) = preSolution
		HideSolutionNode = FALSE
	EndGlobalSection
	GlobalSection(ExtensibilityGlobals) = postSolution
		SolutionGuid = {42A3761C-2D30-4A6A-A6CE-9654C75F5A36}
	EndGlobalSection
EndGlobal
